
Microsoft Visual Studio Solution File, Format Version 12.00
# Visual Studio Version 16
VisualStudioVersion = 16.0.30204.135
MinimumVisualStudioVersion = 10.0.40219.1
Project("{FAE04EC0-301F-11D3-BF4B-00C04F79EFBC}") = "ParaBank", "ParaBank\ParaBank.csproj", "{C5475825-47F3-4732-9988-B7FEE6BA9167}"
EndProject
Project("{FAE04EC0-301F-11D3-BF4B-00C04F79EFBC}") = "AutomationResources", "AutomationResources\AutomationResources.csproj", "{8995F325-8572-4BED-B19B-D30046D4F4C0}"
EndProject
Global
	GlobalSection(SolutionConfigurationPlatforms) = preSolution
		Debug|Any CPU = Debug|Any CPU
		Release|Any CPU = Release|Any CPU
	EndGlobalSection
	GlobalSection(ProjectConfigurationPlatforms) = postSolution
		{C5475825-47F3-4732-9988-B7FEE6BA9167}.Debug|Any CPU.ActiveCfg = Debug|Any CPU
		{C5475825-47F3-4732-9988-B7FEE6BA9167}.Debug|Any CPU.Build.0 = Debug|Any CPU
		{C5475825-47F3-4732-9988-B7FEE6BA9167}.Release|Any CPU.ActiveCfg = Release|Any CPU
		{C5475825-47F3-4732-9988-B7FEE6BA9167}.Release|Any CPU.Build.0 = Release|Any CPU
		{8995F325-8572-4BED-B19B-D30046D4F4C0}.Debug|Any CPU.ActiveCfg = Debug|Any CPU
		{8995F325-8572-4BED-B19B-D30046D4F4C0}.Debug|Any CPU.Build.0 = Debug|Any CPU
		{8995F325-8572-4BED-B19B-D30046D4F4C0}.Release|Any CPU.ActiveCfg = Release|Any CPU
		{8995F325-8572-4BED-B19B-D30046D4F4C0}.Release|Any CPU.Build.0 = Release|Any CPU
	EndGlobalSection
	GlobalSection(SolutionProperties) = preSolution
		HideSolutionNode = FALSE
	EndGlobalSection
	GlobalSection(ExtensibilityGlobals) = postSolution
		SolutionGuid = {7D943F1E-24A2-41CE-ACD4-BFB39CC10A8B}
	EndGlobalSection
EndGlobal
